{
  "name": "find-item-from-array",
  "version": "1.0.0",
  "lockfileVersion": 3,
  "requires": true,
  "packages": {
    "": {
      "name": "find-item-from-array",
      "version": "1.0.0",
      "license": "ISC",
      "dependencies": {
        "find-item-from-array": "^1.0.0"
      }
    },
    "node_modules/find-item-from-array": {
      "version": "1.0.0",
      "resolved": "https://registry.npmjs.org/find-item-from-array/-/find-item-from-array-1.0.0.tgz",
      "integrity": "sha512-9QiUYP4Cktbhcvs0dQP2jYufBOY8BqfIBpf/Abk7jcYSg/CXpSGRWUSxAVONgZ03Rfby2TGnEa7LWByqjFMNxA=="
    }
  }
}
